
Microsoft Visual Studio Solution File, Format Version 12.00
# Visual Studio 15
VisualStudioVersion = 15.0.28307.539
MinimumVisualStudioVersion = 10.0.40219.1
Project("{FAE04EC0-301F-11D3-BF4B-00C04F79EFBC}") = "Flappy", "Flappy\Flappy.csproj", "{C9A3CA72-DA93-4E49-BA99-4BB0E2F0F22E}"
EndProject
Global
	GlobalSection(SolutionConfigurationPlatforms) = preSolution
		Debug|Any CPU = Debug|Any CPU
		Release|Any CPU = Release|Any CPU
	EndGlobalSection
	GlobalSection(ProjectConfigurationPlatforms) = postSolution
		{C9A3CA72-DA93-4E49-BA99-4BB0E2F0F22E}.Debug|Any CPU.ActiveCfg = Debug|Any CPU
		{C9A3CA72-DA93-4E49-BA99-4BB0E2F0F22E}.Debug|Any CPU.Build.0 = Debug|Any CPU
		{C9A3CA72-DA93-4E49-BA99-4BB0E2F0F22E}.Release|Any CPU.ActiveCfg = Release|Any CPU
		{C9A3CA72-DA93-4E49-BA99-4BB0E2F0F22E}.Release|Any CPU.Build.0 = Release|Any CPU
	EndGlobalSection
	GlobalSection(SolutionProperties) = preSolution
		HideSolutionNode = FALSE
	EndGlobalSection
	GlobalSection(ExtensibilityGlobals) = postSolution
		SolutionGuid = {5763B0AC-B806-4445-B556-801DAEED5E2C}
	EndGlobalSection
EndGlobal
